// !$*UTF8*$!
{
	archiveVersion = 1;
	classes = {
	};
	objectVersion = 50;
	objects = {

/* Begin PBXBuildFile section */
		3DBB96C196DD18488E34944D /* Pods_ONEPIC.framework in Frameworks */ = {isa = PBXBuildFile; fileRef = 9C1846F531838B0368840EEC /* Pods_ONEPIC.framework */; };
		3E92E8BF2D5083AAD2D535C4 /* Pods_ONEPICUITests.framework in Frameworks */ = {isa = PBXBuildFile; fileRef = 2896C227D313B3448F690FC6 /* Pods_ONEPICUITests.framework */; };
		CE34E30021A96BC9004E6586 /* AppDelegate.swift in Sources */ = {isa = PBXBuildFile; fileRef = CE34E2FF21A96BC9004E6586 /* AppDelegate.swift */; };
		CE34E30521A96BC9004E6586 /* Main.storyboard in Resources */ = {isa = PBXBuildFile; fileRef = CE34E30321A96BC9004E6586 /* Main.storyboard */; };
		CE34E30721A96BCB004E6586 /* Assets.xcassets in Resources */ = {isa = PBXBuildFile; fileRef = CE34E30621A96BCB004E6586 /* Assets.xcassets */; };
		CE34E30A21A96BCB004E6586 /* LaunchScreen.storyboard in Resources */ = {isa = PBXBuildFile; fileRef = CE34E30821A96BCB004E6586 /* LaunchScreen.storyboard */; };
		CE34E31521A96BCB004E6586 /* ONEPICTests.swift in Sources */ = {isa = PBXBuildFile; fileRef = CE34E31421A96BCB004E6586 /* ONEPICTests.swift */; };
		CE34E32021A96BCB004E6586 /* ONEPICUITests.swift in Sources */ = {isa = PBXBuildFile; fileRef = CE34E31F21A96BCB004E6586 /* ONEPICUITests.swift */; };
		CE3A6DFA2209AFFC00B17032 /* FeedSlideView.storyboard in Resources */ = {isa = PBXBuildFile; fileRef = CE3A6DF92209AFFC00B17032 /* FeedSlideView.storyboard */; };
		CE3A6DFC2209B07300B17032 /* FeedCollectionViewController.swift in Sources */ = {isa = PBXBuildFile; fileRef = CE3A6DFB2209B07300B17032 /* FeedCollectionViewController.swift */; };
		CE3A6DFE2209B08B00B17032 /* FeedCollectionView.storyboard in Resources */ = {isa = PBXBuildFile; fileRef = CE3A6DFD2209B08B00B17032 /* FeedCollectionView.storyboard */; };
		CE3A6E002209B0BD00B17032 /* MainViewController.swift in Sources */ = {isa = PBXBuildFile; fileRef = CE3A6DFF2209B0BD00B17032 /* MainViewController.swift */; };
		CE3A6E402209BC4700B17032 /* OthersFeed.swift in Sources */ = {isa = PBXBuildFile; fileRef = CE3A6E3F2209BC4700B17032 /* OthersFeed.swift */; };
		CE3A6E422209C57D00B17032 /* CommonNavigationView.swift in Sources */ = {isa = PBXBuildFile; fileRef = CE3A6E412209C57D00B17032 /* CommonNavigationView.swift */; };
		CE3A6E442209C59800B17032 /* CommonNavigationView.xib in Resources */ = {isa = PBXBuildFile; fileRef = CE3A6E432209C59800B17032 /* CommonNavigationView.xib */; };
		CE3A6E472209F39B00B17032 /* FeedSlideViewCell.swift in Sources */ = {isa = PBXBuildFile; fileRef = CE3A6E462209F39B00B17032 /* FeedSlideViewCell.swift */; };
		CE3A6E49220A00FA00B17032 /* CALayerExtension.swift in Sources */ = {isa = PBXBuildFile; fileRef = CE3A6E48220A00FA00B17032 /* CALayerExtension.swift */; };
		CE3A6E4B220A93FF00B17032 /* UICollectionViewFlowLayoutExtension.swift in Sources */ = {isa = PBXBuildFile; fileRef = CE3A6E4A220A93FF00B17032 /* UICollectionViewFlowLayoutExtension.swift */; };
		CE5C9F1C220729DD0006FCA9 /* NetworkProvider.swift in Sources */ = {isa = PBXBuildFile; fileRef = CE5C9F1B220729DD0006FCA9 /* NetworkProvider.swift */; };
		CE5C9F1E22072F110006FCA9 /* Service.swift in Sources */ = {isa = PBXBuildFile; fileRef = CE5C9F1D22072F110006FCA9 /* Service.swift */; };
		CE5C9F22220749020006FCA9 /* LaunchViewController.swift in Sources */ = {isa = PBXBuildFile; fileRef = CE5C9F21220749020006FCA9 /* LaunchViewController.swift */; };
		CE5C9F242207490D0006FCA9 /* LaunchView.storyboard in Resources */ = {isa = PBXBuildFile; fileRef = CE5C9F232207490D0006FCA9 /* LaunchView.storyboard */; };
		CE5C9F28220749A40006FCA9 /* FeedSlideViewController.swift in Sources */ = {isa = PBXBuildFile; fileRef = CE5C9F27220749A40006FCA9 /* FeedSlideViewController.swift */; };
		CE5C9F3122074A740006FCA9 /* Model.swift in Sources */ = {isa = PBXBuildFile; fileRef = CE5C9F3022074A740006FCA9 /* Model.swift */; };
		CE5C9F3322074A920006FCA9 /* CustomView.swift in Sources */ = {isa = PBXBuildFile; fileRef = CE5C9F3222074A920006FCA9 /* CustomView.swift */; };
		CE5C9F3722074AAA0006FCA9 /* DataManager.swift in Sources */ = {isa = PBXBuildFile; fileRef = CE5C9F3622074AAA0006FCA9 /* DataManager.swift */; };
		CE5C9F3D22074B3A0006FCA9 /* MenuView.storyboard in Resources */ = {isa = PBXBuildFile; fileRef = CE5C9F3C22074B3A0006FCA9 /* MenuView.storyboard */; };
		CE5C9F3F22074B480006FCA9 /* MenuViewController.swift in Sources */ = {isa = PBXBuildFile; fileRef = CE5C9F3E22074B480006FCA9 /* MenuViewController.swift */; };
		CE5C9F4122074BAA0006FCA9 /* FeedMapViewController.swift in Sources */ = {isa = PBXBuildFile; fileRef = CE5C9F4022074BAA0006FCA9 /* FeedMapViewController.swift */; };
		CE5C9F4322074BB30006FCA9 /* FeedMapView.storyboard in Resources */ = {isa = PBXBuildFile; fileRef = CE5C9F4222074BB30006FCA9 /* FeedMapView.storyboard */; };
		CE5C9F6422074F780006FCA9 /* FilterView.storyboard in Resources */ = {isa = PBXBuildFile; fileRef = CE5C9F6222074F780006FCA9 /* FilterView.storyboard */; };
		CE5C9F6522074F780006FCA9 /* FilterViewController.swift in Sources */ = {isa = PBXBuildFile; fileRef = CE5C9F6322074F780006FCA9 /* FilterViewController.swift */; };
		CE5C9F6822074F7F0006FCA9 /* MyPageView.storyboard in Resources */ = {isa = PBXBuildFile; fileRef = CE5C9F6622074F7F0006FCA9 /* MyPageView.storyboard */; };
		CE5C9F6922074F7F0006FCA9 /* MyPageViewController.swift in Sources */ = {isa = PBXBuildFile; fileRef = CE5C9F6722074F7F0006FCA9 /* MyPageViewController.swift */; };
		CE5C9F6C22074F860006FCA9 /* PostView.storyboard in Resources */ = {isa = PBXBuildFile; fileRef = CE5C9F6A22074F860006FCA9 /* PostView.storyboard */; };
		CE5C9F6D22074F860006FCA9 /* PostViewController.swift in Sources */ = {isa = PBXBuildFile; fileRef = CE5C9F6B22074F860006FCA9 /* PostViewController.swift */; };
		CE5C9F7022074F8F0006FCA9 /* LoginView.storyboard in Resources */ = {isa = PBXBuildFile; fileRef = CE5C9F6E22074F8F0006FCA9 /* LoginView.storyboard */; };
		CE5C9F7122074F8F0006FCA9 /* LoginViewController.swift in Sources */ = {isa = PBXBuildFile; fileRef = CE5C9F6F22074F8F0006FCA9 /* LoginViewController.swift */; };
		CE5C9F7422074F950006FCA9 /* SearchViewController.swift in Sources */ = {isa = PBXBuildFile; fileRef = CE5C9F7222074F950006FCA9 /* SearchViewController.swift */; };
		CE5C9F7522074F950006FCA9 /* SearchView.storyboard in Resources */ = {isa = PBXBuildFile; fileRef = CE5C9F7322074F950006FCA9 /* SearchView.storyboard */; };
		CE5C9F7822074F9B0006FCA9 /* SettingViewController.swift in Sources */ = {isa = PBXBuildFile; fileRef = CE5C9F7622074F9B0006FCA9 /* SettingViewController.swift */; };
		CE5C9F7922074F9B0006FCA9 /* SettingView.storyboard in Resources */ = {isa = PBXBuildFile; fileRef = CE5C9F7722074F9B0006FCA9 /* SettingView.storyboard */; };
		CE71C37C22075DCB000E7A4F /* UIFontExtension.swift in Sources */ = {isa = PBXBuildFile; fileRef = CE71C37B22075DCB000E7A4F /* UIFontExtension.swift */; };
		CECDE4AE22075AF7002C25C0 /* UIColorExtension.swift in Sources */ = {isa = PBXBuildFile; fileRef = CECDE4AD22075AF7002C25C0 /* UIColorExtension.swift */; };
		D3C7052A786E5EAE7083B707 /* Pods_ONEPICTests.framework in Frameworks */ = {isa = PBXBuildFile; fileRef = 348D91A2DB3E8649EAB480B4 /* Pods_ONEPICTests.framework */; };
/* End PBXBuildFile section */

/* Begin PBXContainerItemProxy section */
		CE34E31121A96BCB004E6586 /* PBXContainerItemProxy */ = {
			isa = PBXContainerItemProxy;
			containerPortal = CE34E2F421A96BC9004E6586 /* Project object */;
			proxyType = 1;
			remoteGlobalIDString = CE34E2FB21A96BC9004E6586;
			remoteInfo = ONEPIC;
		};
		CE34E31C21A96BCB004E6586 /* PBXContainerItemProxy */ = {
			isa = PBXContainerItemProxy;
			containerPortal = CE34E2F421A96BC9004E6586 /* Project object */;
			proxyType = 1;
			remoteGlobalIDString = CE34E2FB21A96BC9004E6586;
			remoteInfo = ONEPIC;
		};
/* End PBXContainerItemProxy section */

/* Begin PBXFileReference section */
		2896C227D313B3448F690FC6 /* Pods_ONEPICUITests.framework */ = {isa = PBXFileReference; explicitFileType = wrapper.framework; includeInIndex = 0; path = Pods_ONEPICUITests.framework; sourceTree = BUILT_PRODUCTS_DIR; };
		348D91A2DB3E8649EAB480B4 /* Pods_ONEPICTests.framework */ = {isa = PBXFileReference; explicitFileType = wrapper.framework; includeInIndex = 0; path = Pods_ONEPICTests.framework; sourceTree = BUILT_PRODUCTS_DIR; };
		4FF043F947CCE5BEEF66705A /* Pods-ONEPICUITests.debug.xcconfig */ = {isa = PBXFileReference; includeInIndex = 1; lastKnownFileType = text.xcconfig; name = "Pods-ONEPICUITests.debug.xcconfig"; path = "Pods/Target Support Files/Pods-ONEPICUITests/Pods-ONEPICUITests.debug.xcconfig"; sourceTree = "<group>"; };
		57281AF0FB5D773F2E466BD6 /* Pods-ONEPICTests.debug.xcconfig */ = {isa = PBXFileReference; includeInIndex = 1; lastKnownFileType = text.xcconfig; name = "Pods-ONEPICTests.debug.xcconfig"; path = "Pods/Target Support Files/Pods-ONEPICTests/Pods-ONEPICTests.debug.xcconfig"; sourceTree = "<group>"; };
		78348F962D6EC2301FEDB719 /* Pods-ONEPIC.debug.xcconfig */ = {isa = PBXFileReference; includeInIndex = 1; lastKnownFileType = text.xcconfig; name = "Pods-ONEPIC.debug.xcconfig"; path = "Pods/Target Support Files/Pods-ONEPIC/Pods-ONEPIC.debug.xcconfig"; sourceTree = "<group>"; };
		9AFD3484413045D9A91DA945 /* Pods-ONEPICUITests.release.xcconfig */ = {isa = PBXFileReference; includeInIndex = 1; lastKnownFileType = text.xcconfig; name = "Pods-ONEPICUITests.release.xcconfig"; path = "Pods/Target Support Files/Pods-ONEPICUITests/Pods-ONEPICUITests.release.xcconfig"; sourceTree = "<group>"; };
		9C1846F531838B0368840EEC /* Pods_ONEPIC.framework */ = {isa = PBXFileReference; explicitFileType = wrapper.framework; includeInIndex = 0; path = Pods_ONEPIC.framework; sourceTree = BUILT_PRODUCTS_DIR; };
		9F9B24D5619CF8BD76CB98AA /* Pods-ONEPIC.release.xcconfig */ = {isa = PBXFileReference; includeInIndex = 1; lastKnownFileType = text.xcconfig; name = "Pods-ONEPIC.release.xcconfig"; path = "Pods/Target Support Files/Pods-ONEPIC/Pods-ONEPIC.release.xcconfig"; sourceTree = "<group>"; };
		CE34E2FC21A96BC9004E6586 /* ONEPIC.app */ = {isa = PBXFileReference; explicitFileType = wrapper.application; includeInIndex = 0; path = ONEPIC.app; sourceTree = BUILT_PRODUCTS_DIR; };
		CE34E2FF21A96BC9004E6586 /* AppDelegate.swift */ = {isa = PBXFileReference; lastKnownFileType = sourcecode.swift; path = AppDelegate.swift; sourceTree = "<group>"; };
		CE34E30421A96BC9004E6586 /* Base */ = {isa = PBXFileReference; lastKnownFileType = file.storyboard; name = Base; path = Base.lproj/Main.storyboard; sourceTree = "<group>"; };
		CE34E30621A96BCB004E6586 /* Assets.xcassets */ = {isa = PBXFileReference; lastKnownFileType = folder.assetcatalog; path = Assets.xcassets; sourceTree = "<group>"; };
		CE34E30921A96BCB004E6586 /* Base */ = {isa = PBXFileReference; lastKnownFileType = file.storyboard; name = Base; path = Base.lproj/LaunchScreen.storyboard; sourceTree = "<group>"; };
		CE34E30B21A96BCB004E6586 /* Info.plist */ = {isa = PBXFileReference; lastKnownFileType = text.plist.xml; path = Info.plist; sourceTree = "<group>"; };
		CE34E31021A96BCB004E6586 /* ONEPICTests.xctest */ = {isa = PBXFileReference; explicitFileType = wrapper.cfbundle; includeInIndex = 0; path = ONEPICTests.xctest; sourceTree = BUILT_PRODUCTS_DIR; };
		CE34E31421A96BCB004E6586 /* ONEPICTests.swift */ = {isa = PBXFileReference; lastKnownFileType = sourcecode.swift; path = ONEPICTests.swift; sourceTree = "<group>"; };
		CE34E31621A96BCB004E6586 /* Info.plist */ = {isa = PBXFileReference; lastKnownFileType = text.plist.xml; path = Info.plist; sourceTree = "<group>"; };
		CE34E31B21A96BCB004E6586 /* ONEPICUITests.xctest */ = {isa = PBXFileReference; explicitFileType = wrapper.cfbundle; includeInIndex = 0; path = ONEPICUITests.xctest; sourceTree = BUILT_PRODUCTS_DIR; };
		CE34E31F21A96BCB004E6586 /* ONEPICUITests.swift */ = {isa = PBXFileReference; lastKnownFileType = sourcecode.swift; path = ONEPICUITests.swift; sourceTree = "<group>"; };
		CE34E32121A96BCB004E6586 /* Info.plist */ = {isa = PBXFileReference; lastKnownFileType = text.plist.xml; path = Info.plist; sourceTree = "<group>"; };
		CE3A6DF92209AFFC00B17032 /* FeedSlideView.storyboard */ = {isa = PBXFileReference; lastKnownFileType = file.storyboard; path = FeedSlideView.storyboard; sourceTree = "<group>"; };
		CE3A6DFB2209B07300B17032 /* FeedCollectionViewController.swift */ = {isa = PBXFileReference; lastKnownFileType = sourcecode.swift; path = FeedCollectionViewController.swift; sourceTree = "<group>"; };
		CE3A6DFD2209B08B00B17032 /* FeedCollectionView.storyboard */ = {isa = PBXFileReference; lastKnownFileType = file.storyboard; path = FeedCollectionView.storyboard; sourceTree = "<group>"; };
		CE3A6DFF2209B0BD00B17032 /* MainViewController.swift */ = {isa = PBXFileReference; lastKnownFileType = sourcecode.swift; path = MainViewController.swift; sourceTree = "<group>"; };
		CE3A6E3F2209BC4700B17032 /* OthersFeed.swift */ = {isa = PBXFileReference; lastKnownFileType = sourcecode.swift; path = OthersFeed.swift; sourceTree = "<group>"; };
		CE3A6E412209C57D00B17032 /* CommonNavigationView.swift */ = {isa = PBXFileReference; lastKnownFileType = sourcecode.swift; path = CommonNavigationView.swift; sourceTree = "<group>"; };
		CE3A6E432209C59800B17032 /* CommonNavigationView.xib */ = {isa = PBXFileReference; lastKnownFileType = file.xib; path = CommonNavigationView.xib; sourceTree = "<group>"; };
		CE3A6E462209F39B00B17032 /* FeedSlideViewCell.swift */ = {isa = PBXFileReference; lastKnownFileType = sourcecode.swift; path = FeedSlideViewCell.swift; sourceTree = "<group>"; };
		CE3A6E48220A00FA00B17032 /* CALayerExtension.swift */ = {isa = PBXFileReference; lastKnownFileType = sourcecode.swift; path = CALayerExtension.swift; sourceTree = "<group>"; };
		CE3A6E4A220A93FF00B17032 /* UICollectionViewFlowLayoutExtension.swift */ = {isa = PBXFileReference; lastKnownFileType = sourcecode.swift; path = UICollectionViewFlowLayoutExtension.swift; sourceTree = "<group>"; };
		CE5C9F1B220729DD0006FCA9 /* NetworkProvider.swift */ = {isa = PBXFileReference; lastKnownFileType = sourcecode.swift; path = NetworkProvider.swift; sourceTree = "<group>"; };
		CE5C9F1D22072F110006FCA9 /* Service.swift */ = {isa = PBXFileReference; lastKnownFileType = sourcecode.swift; path = Service.swift; sourceTree = "<group>"; };
		CE5C9F21220749020006FCA9 /* LaunchViewController.swift */ = {isa = PBXFileReference; lastKnownFileType = sourcecode.swift; path = LaunchViewController.swift; sourceTree = "<group>"; };
		CE5C9F232207490D0006FCA9 /* LaunchView.storyboard */ = {isa = PBXFileReference; lastKnownFileType = file.storyboard; path = LaunchView.storyboard; sourceTree = "<group>"; };
		CE5C9F27220749A40006FCA9 /* FeedSlideViewController.swift */ = {isa = PBXFileReference; lastKnownFileType = sourcecode.swift; path = FeedSlideViewController.swift; sourceTree = "<group>"; };
		CE5C9F3022074A740006FCA9 /* Model.swift */ = {isa = PBXFileReference; lastKnownFileType = sourcecode.swift; path = Model.swift; sourceTree = "<group>"; };
		CE5C9F3222074A920006FCA9 /* CustomView.swift */ = {isa = PBXFileReference; lastKnownFileType = sourcecode.swift; path = CustomView.swift; sourceTree = "<group>"; };
		CE5C9F3622074AAA0006FCA9 /* DataManager.swift */ = {isa = PBXFileReference; lastKnownFileType = sourcecode.swift; path = DataManager.swift; sourceTree = "<group>"; };
		CE5C9F3C22074B3A0006FCA9 /* MenuView.storyboard */ = {isa = PBXFileReference; lastKnownFileType = file.storyboard; path = MenuView.storyboard; sourceTree = "<group>"; };
		CE5C9F3E22074B480006FCA9 /* MenuViewController.swift */ = {isa = PBXFileReference; lastKnownFileType = sourcecode.swift; path = MenuViewController.swift; sourceTree = "<group>"; };
		CE5C9F4022074BAA0006FCA9 /* FeedMapViewController.swift */ = {isa = PBXFileReference; lastKnownFileType = sourcecode.swift; path = FeedMapViewController.swift; sourceTree = "<group>"; };
		CE5C9F4222074BB30006FCA9 /* FeedMapView.storyboard */ = {isa = PBXFileReference; lastKnownFileType = file.storyboard; path = FeedMapView.storyboard; sourceTree = "<group>"; };
		CE5C9F6222074F780006FCA9 /* FilterView.storyboard */ = {isa = PBXFileReference; fileEncoding = 4; lastKnownFileType = file.storyboard; path = FilterView.storyboard; sourceTree = "<group>"; };
		CE5C9F6322074F780006FCA9 /* FilterViewController.swift */ = {isa = PBXFileReference; fileEncoding = 4; lastKnownFileType = sourcecode.swift; path = FilterViewController.swift; sourceTree = "<group>"; };
		CE5C9F6622074F7F0006FCA9 /* MyPageView.storyboard */ = {isa = PBXFileReference; fileEncoding = 4; lastKnownFileType = file.storyboard; path = MyPageView.storyboard; sourceTree = "<group>"; };
		CE5C9F6722074F7F0006FCA9 /* MyPageViewController.swift */ = {isa = PBXFileReference; fileEncoding = 4; lastKnownFileType = sourcecode.swift; path = MyPageViewController.swift; sourceTree = "<group>"; };
		CE5C9F6A22074F860006FCA9 /* PostView.storyboard */ = {isa = PBXFileReference; fileEncoding = 4; lastKnownFileType = file.storyboard; path = PostView.storyboard; sourceTree = "<group>"; };
		CE5C9F6B22074F860006FCA9 /* PostViewController.swift */ = {isa = PBXFileReference; fileEncoding = 4; lastKnownFileType = sourcecode.swift; path = PostViewController.swift; sourceTree = "<group>"; };
		CE5C9F6E22074F8F0006FCA9 /* LoginView.storyboard */ = {isa = PBXFileReference; fileEncoding = 4; lastKnownFileType = file.storyboard; path = LoginView.storyboard; sourceTree = "<group>"; };
		CE5C9F6F22074F8F0006FCA9 /* LoginViewController.swift */ = {isa = PBXFileReference; fileEncoding = 4; lastKnownFileType = sourcecode.swift; path = LoginViewController.swift; sourceTree = "<group>"; };
		CE5C9F7222074F950006FCA9 /* SearchViewController.swift */ = {isa = PBXFileReference; fileEncoding = 4; lastKnownFileType = sourcecode.swift; path = SearchViewController.swift; sourceTree = "<group>"; };
		CE5C9F7322074F950006FCA9 /* SearchView.storyboard */ = {isa = PBXFileReference; fileEncoding = 4; lastKnownFileType = file.storyboard; path = SearchView.storyboard; sourceTree = "<group>"; };
		CE5C9F7622074F9B0006FCA9 /* SettingViewController.swift */ = {isa = PBXFileReference; fileEncoding = 4; lastKnownFileType = sourcecode.swift; path = SettingViewController.swift; sourceTree = "<group>"; };
		CE5C9F7722074F9B0006FCA9 /* SettingView.storyboard */ = {isa = PBXFileReference; fileEncoding = 4; lastKnownFileType = file.storyboard; path = SettingView.storyboard; sourceTree = "<group>"; };
		CE71C37B22075DCB000E7A4F /* UIFontExtension.swift */ = {isa = PBXFileReference; lastKnownFileType = sourcecode.swift; path = UIFontExtension.swift; sourceTree = "<group>"; };
		CECDE4AD22075AF7002C25C0 /* UIColorExtension.swift */ = {isa = PBXFileReference; lastKnownFileType = sourcecode.swift; path = UIColorExtension.swift; sourceTree = "<group>"; };
		DCA6E3C54923B2E91CA2B7AD /* Pods-ONEPICTests.release.xcconfig */ = {isa = PBXFileReference; includeInIndex = 1; lastKnownFileType = text.xcconfig; name = "Pods-ONEPICTests.release.xcconfig"; path = "Pods/Target Support Files/Pods-ONEPICTests/Pods-ONEPICTests.release.xcconfig"; sourceTree = "<group>"; };
/* End PBXFileReference section */

/* Begin PBXFrameworksBuildPhase section */
		CE34E2F921A96BC9004E6586 /* Frameworks */ = {
			isa = PBXFrameworksBuildPhase;
			buildActionMask = 2147483647;
			files = (
				3DBB96C196DD18488E34944D /* Pods_ONEPIC.framework in Frameworks */,
			);
			runOnlyForDeploymentPostprocessing = 0;
		};
		CE34E30D21A96BCB004E6586 /* Frameworks */ = {
			isa = PBXFrameworksBuildPhase;
			buildActionMask = 2147483647;
			files = (
				D3C7052A786E5EAE7083B707 /* Pods_ONEPICTests.framework in Frameworks */,
			);
			runOnlyForDeploymentPostprocessing = 0;
		};
		CE34E31821A96BCB004E6586 /* Frameworks */ = {
			isa = PBXFrameworksBuildPhase;
			buildActionMask = 2147483647;
			files = (
				3E92E8BF2D5083AAD2D535C4 /* Pods_ONEPICUITests.framework in Frameworks */,
			);
			runOnlyForDeploymentPostprocessing = 0;
		};
/* End PBXFrameworksBuildPhase section */

/* Begin PBXGroup section */
		05B8C54A404C641F711852A9 /* Pods */ = {
			isa = PBXGroup;
			children = (
				78348F962D6EC2301FEDB719 /* Pods-ONEPIC.debug.xcconfig */,
				9F9B24D5619CF8BD76CB98AA /* Pods-ONEPIC.release.xcconfig */,
				57281AF0FB5D773F2E466BD6 /* Pods-ONEPICTests.debug.xcconfig */,
				DCA6E3C54923B2E91CA2B7AD /* Pods-ONEPICTests.release.xcconfig */,
				4FF043F947CCE5BEEF66705A /* Pods-ONEPICUITests.debug.xcconfig */,
				9AFD3484413045D9A91DA945 /* Pods-ONEPICUITests.release.xcconfig */,
			);
			name = Pods;
			sourceTree = "<group>";
		};
		415C6866D87D523A5FBC5975 /* Frameworks */ = {
			isa = PBXGroup;
			children = (
				9C1846F531838B0368840EEC /* Pods_ONEPIC.framework */,
				348D91A2DB3E8649EAB480B4 /* Pods_ONEPICTests.framework */,
				2896C227D313B3448F690FC6 /* Pods_ONEPICUITests.framework */,
			);
			name = Frameworks;
			sourceTree = "<group>";
		};
		CE34E2F321A96BC9004E6586 = {
			isa = PBXGroup;
			children = (
				CE34E2FE21A96BC9004E6586 /* ONEPIC */,
				CE34E31321A96BCB004E6586 /* ONEPICTests */,
				CE34E31E21A96BCB004E6586 /* ONEPICUITests */,
				CE34E2FD21A96BC9004E6586 /* Products */,
				05B8C54A404C641F711852A9 /* Pods */,
				415C6866D87D523A5FBC5975 /* Frameworks */,
			);
			sourceTree = "<group>";
		};
		CE34E2FD21A96BC9004E6586 /* Products */ = {
			isa = PBXGroup;
			children = (
				CE34E2FC21A96BC9004E6586 /* ONEPIC.app */,
				CE34E31021A96BCB004E6586 /* ONEPICTests.xctest */,
				CE34E31B21A96BCB004E6586 /* ONEPICUITests.xctest */,
			);
			name = Products;
			sourceTree = "<group>";
		};
		CE34E2FE21A96BC9004E6586 /* ONEPIC */ = {
			isa = PBXGroup;
			children = (
				CE5C9F26220749730006FCA9 /* Support Files */,
				CE5C9F1A220729870006FCA9 /* Network */,
				CE5C9F2E22074A510006FCA9 /* Manager */,
				CE5C9F2B22074A390006FCA9 /* Common */,
				CE5C9F20220748E40006FCA9 /* Launch */,
				CE5C9F4622074C500006FCA9 /* Login */,
				CE5C9F25220749480006FCA9 /* Feed */,
				CE5C9F2922074A040006FCA9 /* Menu */,
				CE5C9F4922074C960006FCA9 /* Filter */,
				CE5C9F4722074C760006FCA9 /* Post */,
				CE5C9F4522074C3D0006FCA9 /* Search */,
				CE5C9F4822074C810006FCA9 /* MyPage */,
				CE5C9F4422074C1D0006FCA9 /* Setting */,
				CE3A6DFF2209B0BD00B17032 /* MainViewController.swift */,
				CE34E30321A96BC9004E6586 /* Main.storyboard */,
				CE34E2FF21A96BC9004E6586 /* AppDelegate.swift */,
				CE34E30821A96BCB004E6586 /* LaunchScreen.storyboard */,
			);
			path = ONEPIC;
			sourceTree = "<group>";
		};
		CE34E31321A96BCB004E6586 /* ONEPICTests */ = {
			isa = PBXGroup;
			children = (
				CE34E31421A96BCB004E6586 /* ONEPICTests.swift */,
				CE34E31621A96BCB004E6586 /* Info.plist */,
			);
			path = ONEPICTests;
			sourceTree = "<group>";
		};
		CE34E31E21A96BCB004E6586 /* ONEPICUITests */ = {
			isa = PBXGroup;
			children = (
				CE34E31F21A96BCB004E6586 /* ONEPICUITests.swift */,
				CE34E32121A96BCB004E6586 /* Info.plist */,
			);
			path = ONEPICUITests;
			sourceTree = "<group>";
		};
		CE3A6E1F2209B86500B17032 /* My */ = {
			isa = PBXGroup;
			children = (
				CE5C9F4022074BAA0006FCA9 /* FeedMapViewController.swift */,
				CE5C9F4222074BB30006FCA9 /* FeedMapView.storyboard */,
			);
			path = My;
			sourceTree = "<group>";
		};
		CE3A6E202209B86D00B17032 /* Others */ = {
			isa = PBXGroup;
			children = (
				CE3A6E3F2209BC4700B17032 /* OthersFeed.swift */,
			);
			path = Others;
			sourceTree = "<group>";
		};
		CE3A6E452209F37200B17032 /* View */ = {
			isa = PBXGroup;
			children = (
				CE3A6E462209F39B00B17032 /* FeedSlideViewCell.swift */,
			);
			path = View;
			sourceTree = "<group>";
		};
		CE5C9F1A220729870006FCA9 /* Network */ = {
			isa = PBXGroup;
			children = (
				CE5C9F2F22074A630006FCA9 /* Model */,
				CE5C9F1D22072F110006FCA9 /* Service.swift */,
				CE5C9F1B220729DD0006FCA9 /* NetworkProvider.swift */,
			);
			path = Network;
			sourceTree = "<group>";
		};
		CE5C9F1F220736FB0006FCA9 /* Extension */ = {
			isa = PBXGroup;
			children = (
				CECDE4AD22075AF7002C25C0 /* UIColorExtension.swift */,
				CE71C37B22075DCB000E7A4F /* UIFontExtension.swift */,
				CE3A6E4A220A93FF00B17032 /* UICollectionViewFlowLayoutExtension.swift */,
				CE3A6E48220A00FA00B17032 /* CALayerExtension.swift */,
			);
			path = Extension;
			sourceTree = "<group>";
		};
		CE5C9F20220748E40006FCA9 /* Launch */ = {
			isa = PBXGroup;
			children = (
				CE5C9F21220749020006FCA9 /* LaunchViewController.swift */,
				CE5C9F232207490D0006FCA9 /* LaunchView.storyboard */,
			);
			path = Launch;
			sourceTree = "<group>";
		};
		CE5C9F25220749480006FCA9 /* Feed */ = {
			isa = PBXGroup;
			children = (
				CE3A6E452209F37200B17032 /* View */,
				CE3A6E1F2209B86500B17032 /* My */,
				CE3A6E202209B86D00B17032 /* Others */,
				CE5C9F27220749A40006FCA9 /* FeedSlideViewController.swift */,
				CE3A6DF92209AFFC00B17032 /* FeedSlideView.storyboard */,
				CE3A6DFB2209B07300B17032 /* FeedCollectionViewController.swift */,
				CE3A6DFD2209B08B00B17032 /* FeedCollectionView.storyboard */,
			);
			path = Feed;
			sourceTree = "<group>";
		};
		CE5C9F26220749730006FCA9 /* Support Files */ = {
			isa = PBXGroup;
			children = (
				CE34E30621A96BCB004E6586 /* Assets.xcassets */,
				CE34E30B21A96BCB004E6586 /* Info.plist */,
			);
			path = "Support Files";
			sourceTree = "<group>";
		};
		CE5C9F2922074A040006FCA9 /* Menu */ = {
			isa = PBXGroup;
			children = (
				CE5C9F3E22074B480006FCA9 /* MenuViewController.swift */,
				CE5C9F3C22074B3A0006FCA9 /* MenuView.storyboard */,
			);
			path = Menu;
			sourceTree = "<group>";
		};
		CE5C9F2B22074A390006FCA9 /* Common */ = {
			isa = PBXGroup;
			children = (
				CE5C9F1F220736FB0006FCA9 /* Extension */,
				CE5C9F2C22074A400006FCA9 /* View */,
			);
			path = Common;
			sourceTree = "<group>";
		};
		CE5C9F2C22074A400006FCA9 /* View */ = {
			isa = PBXGroup;
			children = (
				CE5C9F3222074A920006FCA9 /* CustomView.swift */,
				CE3A6E412209C57D00B17032 /* CommonNavigationView.swift */,
				CE3A6E432209C59800B17032 /* CommonNavigationView.xib */,
			);
			path = View;
			sourceTree = "<group>";
		};
		CE5C9F2E22074A510006FCA9 /* Manager */ = {
			isa = PBXGroup;
			children = (
				CE5C9F3622074AAA0006FCA9 /* DataManager.swift */,
			);
			path = Manager;
			sourceTree = "<group>";
		};
		CE5C9F2F22074A630006FCA9 /* Model */ = {
			isa = PBXGroup;
			children = (
				CE5C9F3022074A740006FCA9 /* Model.swift */,
			);
			path = Model;
			sourceTree = "<group>";
		};
		CE5C9F4422074C1D0006FCA9 /* Setting */ = {
			isa = PBXGroup;
			children = (
				CE5C9F7622074F9B0006FCA9 /* SettingViewController.swift */,
				CE5C9F7722074F9B0006FCA9 /* SettingView.storyboard */,
			);
			path = Setting;
			sourceTree = "<group>";
		};
		CE5C9F4522074C3D0006FCA9 /* Search */ = {
			isa = PBXGroup;
			children = (
				CE5C9F7222074F950006FCA9 /* SearchViewController.swift */,
				CE5C9F7322074F950006FCA9 /* SearchView.storyboard */,
			);
			path = Search;
			sourceTree = "<group>";
		};
		CE5C9F4622074C500006FCA9 /* Login */ = {
			isa = PBXGroup;
			children = (
				CE5C9F6F22074F8F0006FCA9 /* LoginViewController.swift */,
				CE5C9F6E22074F8F0006FCA9 /* LoginView.storyboard */,
			);
			path = Login;
			sourceTree = "<group>";
		};
		CE5C9F4722074C760006FCA9 /* Post */ = {
			isa = PBXGroup;
			children = (
				CE5C9F6B22074F860006FCA9 /* PostViewController.swift */,
				CE5C9F6A22074F860006FCA9 /* PostView.storyboard */,
			);
			path = Post;
			sourceTree = "<group>";
		};
		CE5C9F4822074C810006FCA9 /* MyPage */ = {
			isa = PBXGroup;
			children = (
				CE5C9F6722074F7F0006FCA9 /* MyPageViewController.swift */,
				CE5C9F6622074F7F0006FCA9 /* MyPageView.storyboard */,
			);
			path = MyPage;
			sourceTree = "<group>";
		};
		CE5C9F4922074C960006FCA9 /* Filter */ = {
			isa = PBXGroup;
			children = (
				CE5C9F6322074F780006FCA9 /* FilterViewController.swift */,
				CE5C9F6222074F780006FCA9 /* FilterView.storyboard */,
			);
			path = Filter;
			sourceTree = "<group>";
		};
/* End PBXGroup section */

/* Begin PBXNativeTarget section */
		CE34E2FB21A96BC9004E6586 /* ONEPIC */ = {
			isa = PBXNativeTarget;
			buildConfigurationList = CE34E32421A96BCB004E6586 /* Build configuration list for PBXNativeTarget "ONEPIC" */;
			buildPhases = (
				E998B50D98829201AE82492A /* [CP] Check Pods Manifest.lock */,
				CE5C9F19220727A40006FCA9 /* Swift Lint Autocorrect */,
				CE5C9F18220727780006FCA9 /* Swift Lint */,
				CE34E2F821A96BC9004E6586 /* Sources */,
				CE34E2F921A96BC9004E6586 /* Frameworks */,
				CE34E2FA21A96BC9004E6586 /* Resources */,
				074F5B09D0F744E94B71667A /* [CP] Embed Pods Frameworks */,
			);
			buildRules = (
			);
			dependencies = (
			);
			name = ONEPIC;
			productName = ONEPIC;
			productReference = CE34E2FC21A96BC9004E6586 /* ONEPIC.app */;
			productType = "com.apple.product-type.application";
		};
		CE34E30F21A96BCB004E6586 /* ONEPICTests */ = {
			isa = PBXNativeTarget;
			buildConfigurationList = CE34E32721A96BCB004E6586 /* Build configuration list for PBXNativeTarget "ONEPICTests" */;
			buildPhases = (
				244B3349C01469AEF6C68136 /* [CP] Check Pods Manifest.lock */,
				CE34E30C21A96BCB004E6586 /* Sources */,
				CE34E30D21A96BCB004E6586 /* Frameworks */,
				CE34E30E21A96BCB004E6586 /* Resources */,
			);
			buildRules = (
			);
			dependencies = (
				CE34E31221A96BCB004E6586 /* PBXTargetDependency */,
			);
			name = ONEPICTests;
			productName = ONEPICTests;
			productReference = CE34E31021A96BCB004E6586 /* ONEPICTests.xctest */;
			productType = "com.apple.product-type.bundle.unit-test";
		};
		CE34E31A21A96BCB004E6586 /* ONEPICUITests */ = {
			isa = PBXNativeTarget;
			buildConfigurationList = CE34E32A21A96BCB004E6586 /* Build configuration list for PBXNativeTarget "ONEPICUITests" */;
			buildPhases = (
				42DB297F3127B5EC9BE02EC4 /* [CP] Check Pods Manifest.lock */,
				CE34E31721A96BCB004E6586 /* Sources */,
				CE34E31821A96BCB004E6586 /* Frameworks */,
				CE34E31921A96BCB004E6586 /* Resources */,
			);
			buildRules = (
			);
			dependencies = (
				CE34E31D21A96BCB004E6586 /* PBXTargetDependency */,
			);
			name = ONEPICUITests;
			productName = ONEPICUITests;
			productReference = CE34E31B21A96BCB004E6586 /* ONEPICUITests.xctest */;
			productType = "com.apple.product-type.bundle.ui-testing";
		};
/* End PBXNativeTarget section */

/* Begin PBXProject section */
		CE34E2F421A96BC9004E6586 /* Project object */ = {
			isa = PBXProject;
			attributes = {
				LastSwiftUpdateCheck = 1010;
				LastUpgradeCheck = 1010;
				ORGANIZATIONNAME = "Mash-Up";
				TargetAttributes = {
					CE34E2FB21A96BC9004E6586 = {
						CreatedOnToolsVersion = 10.1;
					};
					CE34E30F21A96BCB004E6586 = {
						CreatedOnToolsVersion = 10.1;
						TestTargetID = CE34E2FB21A96BC9004E6586;
					};
					CE34E31A21A96BCB004E6586 = {
						CreatedOnToolsVersion = 10.1;
						TestTargetID = CE34E2FB21A96BC9004E6586;
					};
				};
			};
			buildConfigurationList = CE34E2F721A96BC9004E6586 /* Build configuration list for PBXProject "ONEPIC" */;
			compatibilityVersion = "Xcode 9.3";
			developmentRegion = en;
			hasScannedForEncodings = 0;
			knownRegions = (
				en,
				Base,
			);
			mainGroup = CE34E2F321A96BC9004E6586;
			productRefGroup = CE34E2FD21A96BC9004E6586 /* Products */;
			projectDirPath = "";
			projectRoot = "";
			targets = (
				CE34E2FB21A96BC9004E6586 /* ONEPIC */,
				CE34E30F21A96BCB004E6586 /* ONEPICTests */,
				CE34E31A21A96BCB004E6586 /* ONEPICUITests */,
			);
		};
/* End PBXProject section */

/* Begin PBXResourcesBuildPhase section */
		CE34E2FA21A96BC9004E6586 /* Resources */ = {
			isa = PBXResourcesBuildPhase;
			buildActionMask = 2147483647;
			files = (
				CE34E30A21A96BCB004E6586 /* LaunchScreen.storyboard in Resources */,
				CE5C9F7522074F950006FCA9 /* SearchView.storyboard in Resources */,
				CE5C9F4322074BB30006FCA9 /* FeedMapView.storyboard in Resources */,
				CE5C9F6822074F7F0006FCA9 /* MyPageView.storyboard in Resources */,
				CE3A6DFA2209AFFC00B17032 /* FeedSlideView.storyboard in Resources */,
				CE5C9F7022074F8F0006FCA9 /* LoginView.storyboard in Resources */,
				CE5C9F3D22074B3A0006FCA9 /* MenuView.storyboard in Resources */,
				CE5C9F7922074F9B0006FCA9 /* SettingView.storyboard in Resources */,
				CE3A6E442209C59800B17032 /* CommonNavigationView.xib in Resources */,
				CE34E30721A96BCB004E6586 /* Assets.xcassets in Resources */,
				CE5C9F6422074F780006FCA9 /* FilterView.storyboard in Resources */,
				CE3A6DFE2209B08B00B17032 /* FeedCollectionView.storyboard in Resources */,
				CE5C9F6C22074F860006FCA9 /* PostView.storyboard in Resources */,
				CE5C9F242207490D0006FCA9 /* LaunchView.storyboard in Resources */,
				CE34E30521A96BC9004E6586 /* Main.storyboard in Resources */,
			);
			runOnlyForDeploymentPostprocessing = 0;
		};
		CE34E30E21A96BCB004E6586 /* Resources */ = {
			isa = PBXResourcesBuildPhase;
			buildActionMask = 2147483647;
			files = (
			);
			runOnlyForDeploymentPostprocessing = 0;
		};
		CE34E31921A96BCB004E6586 /* Resources */ = {
			isa = PBXResourcesBuildPhase;
			buildActionMask = 2147483647;
			files = (
			);
			runOnlyForDeploymentPostprocessing = 0;
		};
/* End PBXResourcesBuildPhase section */

/* Begin PBXShellScriptBuildPhase section */
		074F5B09D0F744E94B71667A /* [CP] Embed Pods Frameworks */ = {
			isa = PBXShellScriptBuildPhase;
			buildActionMask = 2147483647;
			files = (
			);
			inputFileListPaths = (
			);
			inputPaths = (
				"${SRCROOT}/Pods/Target Support Files/Pods-ONEPIC/Pods-ONEPIC-frameworks.sh",
				"${BUILT_PRODUCTS_DIR}/Alamofire/Alamofire.framework",
				"${BUILT_PRODUCTS_DIR}/Moya/Moya.framework",
				"${BUILT_PRODUCTS_DIR}/Result/Result.framework",
			);
			name = "[CP] Embed Pods Frameworks";
			outputFileListPaths = (
			);
			outputPaths = (
				"${TARGET_BUILD_DIR}/${FRAMEWORKS_FOLDER_PATH}/Alamofire.framework",
				"${TARGET_BUILD_DIR}/${FRAMEWORKS_FOLDER_PATH}/Moya.framework",
				"${TARGET_BUILD_DIR}/${FRAMEWORKS_FOLDER_PATH}/Result.framework",
			);
			runOnlyForDeploymentPostprocessing = 0;
			shellPath = /bin/sh;
			shellScript = "\"${SRCROOT}/Pods/Target Support Files/Pods-ONEPIC/Pods-ONEPIC-frameworks.sh\"\n";
			showEnvVarsInLog = 0;
		};
		244B3349C01469AEF6C68136 /* [CP] Check Pods Manifest.lock */ = {
			isa = PBXShellScriptBuildPhase;
			buildActionMask = 2147483647;
			files = (
			);
			inputFileListPaths = (
			);
			inputPaths = (
				"${PODS_PODFILE_DIR_PATH}/Podfile.lock",
				"${PODS_ROOT}/Manifest.lock",
			);
			name = "[CP] Check Pods Manifest.lock";
			outputFileListPaths = (
			);
			outputPaths = (
				"$(DERIVED_FILE_DIR)/Pods-ONEPICTests-checkManifestLockResult.txt",
			);
			runOnlyForDeploymentPostprocessing = 0;
			shellPath = /bin/sh;
			shellScript = "diff \"${PODS_PODFILE_DIR_PATH}/Podfile.lock\" \"${PODS_ROOT}/Manifest.lock\" > /dev/null\nif [ $? != 0 ] ; then\n    # print error to STDERR\n    echo \"error: The sandbox is not in sync with the Podfile.lock. Run 'pod install' or update your CocoaPods installation.\" >&2\n    exit 1\nfi\n# This output is used by Xcode 'outputs' to avoid re-running this script phase.\necho \"SUCCESS\" > \"${SCRIPT_OUTPUT_FILE_0}\"\n";
			showEnvVarsInLog = 0;
		};
		42DB297F3127B5EC9BE02EC4 /* [CP] Check Pods Manifest.lock */ = {
			isa = PBXShellScriptBuildPhase;
			buildActionMask = 2147483647;
			files = (
			);
			inputFileListPaths = (
			);
			inputPaths = (
				"${PODS_PODFILE_DIR_PATH}/Podfile.lock",
				"${PODS_ROOT}/Manifest.lock",
			);
			name = "[CP] Check Pods Manifest.lock";
			outputFileListPaths = (
			);
			outputPaths = (
				"$(DERIVED_FILE_DIR)/Pods-ONEPICUITests-checkManifestLockResult.txt",
			);
			runOnlyForDeploymentPostprocessing = 0;
			shellPath = /bin/sh;
			shellScript = "diff \"${PODS_PODFILE_DIR_PATH}/Podfile.lock\" \"${PODS_ROOT}/Manifest.lock\" > /dev/null\nif [ $? != 0 ] ; then\n    # print error to STDERR\n    echo \"error: The sandbox is not in sync with the Podfile.lock. Run 'pod install' or update your CocoaPods installation.\" >&2\n    exit 1\nfi\n# This output is used by Xcode 'outputs' to avoid re-running this script phase.\necho \"SUCCESS\" > \"${SCRIPT_OUTPUT_FILE_0}\"\n";
			showEnvVarsInLog = 0;
		};
		CE5C9F18220727780006FCA9 /* Swift Lint */ = {
			isa = PBXShellScriptBuildPhase;
			buildActionMask = 2147483647;
			files = (
			);
			inputFileListPaths = (
			);
			inputPaths = (
			);
			name = "Swift Lint";
			outputFileListPaths = (
			);
			outputPaths = (
			);
			runOnlyForDeploymentPostprocessing = 0;
			shellPath = /bin/sh;
			shellScript = "if which swiftlint >/dev/null; then\nswiftlint\nelse\necho \"warning: SwiftLint not installed, download from https://github.com/realm/SwiftLint\"\nfi\n";
		};
		CE5C9F19220727A40006FCA9 /* Swift Lint Autocorrect */ = {
			isa = PBXShellScriptBuildPhase;
			buildActionMask = 2147483647;
			files = (
			);
			inputFileListPaths = (
			);
			inputPaths = (
			);
			name = "Swift Lint Autocorrect";
			outputFileListPaths = (
			);
			outputPaths = (
			);
			runOnlyForDeploymentPostprocessing = 0;
			shellPath = /bin/sh;
			shellScript = "if which swiftlint >/dev/null; then\nswiftlint autocorrect\nelse\necho \"warning: SwiftLint not installed, download from https://github.com/realm/SwiftLint\"\nfi\n";
		};
		E998B50D98829201AE82492A /* [CP] Check Pods Manifest.lock */ = {
			isa = PBXShellScriptBuildPhase;
			buildActionMask = 2147483647;
			files = (
			);
			inputFileListPaths = (
			);
			inputPaths = (
				"${PODS_PODFILE_DIR_PATH}/Podfile.lock",
				"${PODS_ROOT}/Manifest.lock",
			);
			name = "[CP] Check Pods Manifest.lock";
			outputFileListPaths = (
			);
			outputPaths = (
				"$(DERIVED_FILE_DIR)/Pods-ONEPIC-checkManifestLockResult.txt",
			);
			runOnlyForDeploymentPostprocessing = 0;
			shellPath = /bin/sh;
			shellScript = "diff \"${PODS_PODFILE_DIR_PATH}/Podfile.lock\" \"${PODS_ROOT}/Manifest.lock\" > /dev/null\nif [ $? != 0 ] ; then\n    # print error to STDERR\n    echo \"error: The sandbox is not in sync with the Podfile.lock. Run 'pod install' or update your CocoaPods installation.\" >&2\n    exit 1\nfi\n# This output is used by Xcode 'outputs' to avoid re-running this script phase.\necho \"SUCCESS\" > \"${SCRIPT_OUTPUT_FILE_0}\"\n";
			showEnvVarsInLog = 0;
		};
/* End PBXShellScriptBuildPhase section */

/* Begin PBXSourcesBuildPhase section */
		CE34E2F821A96BC9004E6586 /* Sources */ = {
			isa = PBXSourcesBuildPhase;
			buildActionMask = 2147483647;
			files = (
				CE3A6E002209B0BD00B17032 /* MainViewController.swift in Sources */,
				CE5C9F22220749020006FCA9 /* LaunchViewController.swift in Sources */,
				CE5C9F1E22072F110006FCA9 /* Service.swift in Sources */,
				CE5C9F28220749A40006FCA9 /* FeedSlideViewController.swift in Sources */,
				CE5C9F7422074F950006FCA9 /* SearchViewController.swift in Sources */,
				CE3A6E472209F39B00B17032 /* FeedSlideViewCell.swift in Sources */,
				CE3A6E49220A00FA00B17032 /* CALayerExtension.swift in Sources */,
				CECDE4AE22075AF7002C25C0 /* UIColorExtension.swift in Sources */,
				CE71C37C22075DCB000E7A4F /* UIFontExtension.swift in Sources */,
				CE5C9F7822074F9B0006FCA9 /* SettingViewController.swift in Sources */,
				CE3A6DFC2209B07300B17032 /* FeedCollectionViewController.swift in Sources */,
				CE5C9F3F22074B480006FCA9 /* MenuViewController.swift in Sources */,
				CE3A6E4B220A93FF00B17032 /* UICollectionViewFlowLayoutExtension.swift in Sources */,
				CE5C9F3322074A920006FCA9 /* CustomView.swift in Sources */,
				CE3A6E402209BC4700B17032 /* OthersFeed.swift in Sources */,
				CE5C9F6522074F780006FCA9 /* FilterViewController.swift in Sources */,
				CE5C9F4122074BAA0006FCA9 /* FeedMapViewController.swift in Sources */,
				CE5C9F6D22074F860006FCA9 /* PostViewController.swift in Sources */,
				CE5C9F6922074F7F0006FCA9 /* MyPageViewController.swift in Sources */,
				CE5C9F3122074A740006FCA9 /* Model.swift in Sources */,
				CE5C9F7122074F8F0006FCA9 /* LoginViewController.swift in Sources */,
				CE34E30021A96BC9004E6586 /* AppDelegate.swift in Sources */,
				CE5C9F3722074AAA0006FCA9 /* DataManager.swift in Sources */,
				CE5C9F1C220729DD0006FCA9 /* NetworkProvider.swift in Sources */,
				CE3A6E422209C57D00B17032 /* CommonNavigationView.swift in Sources */,
			);
			runOnlyForDeploymentPostprocessing = 0;
		};
		CE34E30C21A96BCB004E6586 /* Sources */ = {
			isa = PBXSourcesBuildPhase;
			buildActionMask = 2147483647;
			files = (
				CE34E31521A96BCB004E6586 /* ONEPICTests.swift in Sources */,
			);
			runOnlyForDeploymentPostprocessing = 0;
		};
		CE34E31721A96BCB004E6586 /* Sources */ = {
			isa = PBXSourcesBuildPhase;
			buildActionMask = 2147483647;
			files = (
				CE34E32021A96BCB004E6586 /* ONEPICUITests.swift in Sources */,
			);
			runOnlyForDeploymentPostprocessing = 0;
		};
/* End PBXSourcesBuildPhase section */

/* Begin PBXTargetDependency section */
		CE34E31221A96BCB004E6586 /* PBXTargetDependency */ = {
			isa = PBXTargetDependency;
			target = CE34E2FB21A96BC9004E6586 /* ONEPIC */;
			targetProxy = CE34E31121A96BCB004E6586 /* PBXContainerItemProxy */;
		};
		CE34E31D21A96BCB004E6586 /* PBXTargetDependency */ = {
			isa = PBXTargetDependency;
			target = CE34E2FB21A96BC9004E6586 /* ONEPIC */;
			targetProxy = CE34E31C21A96BCB004E6586 /* PBXContainerItemProxy */;
		};
/* End PBXTargetDependency section */

/* Begin PBXVariantGroup section */
		CE34E30321A96BC9004E6586 /* Main.storyboard */ = {
			isa = PBXVariantGroup;
			children = (
				CE34E30421A96BC9004E6586 /* Base */,
			);
			name = Main.storyboard;
			sourceTree = "<group>";
		};
		CE34E30821A96BCB004E6586 /* LaunchScreen.storyboard */ = {
			isa = PBXVariantGroup;
			children = (
				CE34E30921A96BCB004E6586 /* Base */,
			);
			name = LaunchScreen.storyboard;
			sourceTree = "<group>";
		};
/* End PBXVariantGroup section */

/* Begin XCBuildConfiguration section */
		CE34E32221A96BCB004E6586 /* Debug */ = {
			isa = XCBuildConfiguration;
			buildSettings = {
				ALWAYS_SEARCH_USER_PATHS = NO;
				CLANG_ANALYZER_NONNULL = YES;
				CLANG_ANALYZER_NUMBER_OBJECT_CONVERSION = YES_AGGRESSIVE;
				CLANG_CXX_LANGUAGE_STANDARD = "gnu++14";
				CLANG_CXX_LIBRARY = "libc++";
				CLANG_ENABLE_MODULES = YES;
				CLANG_ENABLE_OBJC_ARC = YES;
				CLANG_ENABLE_OBJC_WEAK = YES;
				CLANG_WARN_BLOCK_CAPTURE_AUTORELEASING = YES;
				CLANG_WARN_BOOL_CONVERSION = YES;
				CLANG_WARN_COMMA = YES;
				CLANG_WARN_CONSTANT_CONVERSION = YES;
				CLANG_WARN_DEPRECATED_OBJC_IMPLEMENTATIONS = YES;
				CLANG_WARN_DIRECT_OBJC_ISA_USAGE = YES_ERROR;
				CLANG_WARN_DOCUMENTATION_COMMENTS = YES;
				CLANG_WARN_EMPTY_BODY = YES;
				CLANG_WARN_ENUM_CONVERSION = YES;
				CLANG_WARN_INFINITE_RECURSION = YES;
				CLANG_WARN_INT_CONVERSION = YES;
				CLANG_WARN_NON_LITERAL_NULL_CONVERSION = YES;
				CLANG_WARN_OBJC_IMPLICIT_RETAIN_SELF = YES;
				CLANG_WARN_OBJC_LITERAL_CONVERSION = YES;
				CLANG_WARN_OBJC_ROOT_CLASS = YES_ERROR;
				CLANG_WARN_RANGE_LOOP_ANALYSIS = YES;
				CLANG_WARN_STRICT_PROTOTYPES = YES;
				CLANG_WARN_SUSPICIOUS_MOVE = YES;
				CLANG_WARN_UNGUARDED_AVAILABILITY = YES_AGGRESSIVE;
				CLANG_WARN_UNREACHABLE_CODE = YES;
				CLANG_WARN__DUPLICATE_METHOD_MATCH = YES;
				CODE_SIGN_IDENTITY = "iPhone Developer";
				COPY_PHASE_STRIP = NO;
				DEBUG_INFORMATION_FORMAT = dwarf;
				ENABLE_STRICT_OBJC_MSGSEND = YES;
				ENABLE_TESTABILITY = YES;
				GCC_C_LANGUAGE_STANDARD = gnu11;
				GCC_DYNAMIC_NO_PIC = NO;
				GCC_NO_COMMON_BLOCKS = YES;
				GCC_OPTIMIZATION_LEVEL = 0;
				GCC_PREPROCESSOR_DEFINITIONS = (
					"DEBUG=1",
					"$(inherited)",
				);
				GCC_WARN_64_TO_32_BIT_CONVERSION = YES;
				GCC_WARN_ABOUT_RETURN_TYPE = YES_ERROR;
				GCC_WARN_UNDECLARED_SELECTOR = YES;
				GCC_WARN_UNINITIALIZED_AUTOS = YES_AGGRESSIVE;
				GCC_WARN_UNUSED_FUNCTION = YES;
				GCC_WARN_UNUSED_VARIABLE = YES;
				IPHONEOS_DEPLOYMENT_TARGET = 12.1;
				MTL_ENABLE_DEBUG_INFO = INCLUDE_SOURCE;
				MTL_FAST_MATH = YES;
				ONLY_ACTIVE_ARCH = YES;
				SDKROOT = iphoneos;
				SWIFT_ACTIVE_COMPILATION_CONDITIONS = DEBUG;
				SWIFT_OPTIMIZATION_LEVEL = "-Onone";
			};
			name = Debug;
		};
		CE34E32321A96BCB004E6586 /* Release */ = {
			isa = XCBuildConfiguration;
			buildSettings = {
				ALWAYS_SEARCH_USER_PATHS = NO;
				CLANG_ANALYZER_NONNULL = YES;
				CLANG_ANALYZER_NUMBER_OBJECT_CONVERSION = YES_AGGRESSIVE;
				CLANG_CXX_LANGUAGE_STANDARD = "gnu++14";
				CLANG_CXX_LIBRARY = "libc++";
				CLANG_ENABLE_MODULES = YES;
				CLANG_ENABLE_OBJC_ARC = YES;
				CLANG_ENABLE_OBJC_WEAK = YES;
				CLANG_WARN_BLOCK_CAPTURE_AUTORELEASING = YES;
				CLANG_WARN_BOOL_CONVERSION = YES;
				CLANG_WARN_COMMA = YES;
				CLANG_WARN_CONSTANT_CONVERSION = YES;
				CLANG_WARN_DEPRECATED_OBJC_IMPLEMENTATIONS = YES;
				CLANG_WARN_DIRECT_OBJC_ISA_USAGE = YES_ERROR;
				CLANG_WARN_DOCUMENTATION_COMMENTS = YES;
				CLANG_WARN_EMPTY_BODY = YES;
				CLANG_WARN_ENUM_CONVERSION = YES;
				CLANG_WARN_INFINITE_RECURSION = YES;
				CLANG_WARN_INT_CONVERSION = YES;
				CLANG_WARN_NON_LITERAL_NULL_CONVERSION = YES;
				CLANG_WARN_OBJC_IMPLICIT_RETAIN_SELF = YES;
				CLANG_WARN_OBJC_LITERAL_CONVERSION = YES;
				CLANG_WARN_OBJC_ROOT_CLASS = YES_ERROR;
				CLANG_WARN_RANGE_LOOP_ANALYSIS = YES;
				CLANG_WARN_STRICT_PROTOTYPES = YES;
				CLANG_WARN_SUSPICIOUS_MOVE = YES;
				CLANG_WARN_UNGUARDED_AVAILABILITY = YES_AGGRESSIVE;
				CLANG_WARN_UNREACHABLE_CODE = YES;
				CLANG_WARN__DUPLICATE_METHOD_MATCH = YES;
				CODE_SIGN_IDENTITY = "iPhone Developer";
				COPY_PHASE_STRIP = NO;
				DEBUG_INFORMATION_FORMAT = "dwarf-with-dsym";
				ENABLE_NS_ASSERTIONS = NO;
				ENABLE_STRICT_OBJC_MSGSEND = YES;
				GCC_C_LANGUAGE_STANDARD = gnu11;
				GCC_NO_COMMON_BLOCKS = YES;
				GCC_WARN_64_TO_32_BIT_CONVERSION = YES;
				GCC_WARN_ABOUT_RETURN_TYPE = YES_ERROR;
				GCC_WARN_UNDECLARED_SELECTOR = YES;
				GCC_WARN_UNINITIALIZED_AUTOS = YES_AGGRESSIVE;
				GCC_WARN_UNUSED_FUNCTION = YES;
				GCC_WARN_UNUSED_VARIABLE = YES;
				IPHONEOS_DEPLOYMENT_TARGET = 12.1;
				MTL_ENABLE_DEBUG_INFO = NO;
				MTL_FAST_MATH = YES;
				SDKROOT = iphoneos;
				SWIFT_COMPILATION_MODE = wholemodule;
				SWIFT_OPTIMIZATION_LEVEL = "-O";
				VALIDATE_PRODUCT = YES;
			};
			name = Release;
		};
		CE34E32521A96BCB004E6586 /* Debug */ = {
			isa = XCBuildConfiguration;
			baseConfigurationReference = 78348F962D6EC2301FEDB719 /* Pods-ONEPIC.debug.xcconfig */;
			buildSettings = {
				ASSETCATALOG_COMPILER_APPICON_NAME = AppIcon;
				CODE_SIGN_STYLE = Automatic;
				DEVELOPMENT_TEAM = 74Z28YUL8J;
				INFOPLIST_FILE = "$(SRCROOT)/ONEPIC/Support Files/Info.plist";
				LD_RUNPATH_SEARCH_PATHS = (
					"$(inherited)",
					"@executable_path/Frameworks",
				);
				PRODUCT_BUNDLE_IDENTIFIER = com.yun.onepic;
				PRODUCT_NAME = "$(TARGET_NAME)";
				SWIFT_VERSION = 4.2;
				TARGETED_DEVICE_FAMILY = "1,2";
			};
			name = Debug;
		};
		CE34E32621A96BCB004E6586 /* Release */ = {
			isa = XCBuildConfiguration;
			baseConfigurationReference = 9F9B24D5619CF8BD76CB98AA /* Pods-ONEPIC.release.xcconfig */;
			buildSettings = {
				ASSETCATALOG_COMPILER_APPICON_NAME = AppIcon;
				CODE_SIGN_STYLE = Automatic;
				DEVELOPMENT_TEAM = 74Z28YUL8J;
				INFOPLIST_FILE = "$(SRCROOT)/ONEPIC/Support Files/Info.plist";
				LD_RUNPATH_SEARCH_PATHS = (
					"$(inherited)",
					"@executable_path/Frameworks",
				);
				PRODUCT_BUNDLE_IDENTIFIER = com.yun.onepic;
				PRODUCT_NAME = "$(TARGET_NAME)";
				SWIFT_VERSION = 4.2;
				TARGETED_DEVICE_FAMILY = "1,2";
			};
			name = Release;
		};
		CE34E32821A96BCB004E6586 /* Debug */ = {
			isa = XCBuildConfiguration;
			baseConfigurationReference = 57281AF0FB5D773F2E466BD6 /* Pods-ONEPICTests.debug.xcconfig */;
			buildSettings = {
				ALWAYS_EMBED_SWIFT_STANDARD_LIBRARIES = YES;
				BUNDLE_LOADER = "$(TEST_HOST)";
				CODE_SIGN_STYLE = Automatic;
				INFOPLIST_FILE = ONEPICTests/Info.plist;
				LD_RUNPATH_SEARCH_PATHS = (
					"$(inherited)",
					"@executable_path/Frameworks",
					"@loader_path/Frameworks",
				);
				PRODUCT_BUNDLE_IDENTIFIER = "com.mash-up.ONEPICTests";
				PRODUCT_NAME = "$(TARGET_NAME)";
				SWIFT_VERSION = 4.2;
				TARGETED_DEVICE_FAMILY = "1,2";
				TEST_HOST = "$(BUILT_PRODUCTS_DIR)/ONEPIC.app/ONEPIC";
			};
			name = Debug;
		};
		CE34E32921A96BCB004E6586 /* Release */ = {
			isa = XCBuildConfiguration;
			baseConfigurationReference = DCA6E3C54923B2E91CA2B7AD /* Pods-ONEPICTests.release.xcconfig */;
			buildSettings = {
				ALWAYS_EMBED_SWIFT_STANDARD_LIBRARIES = YES;
				BUNDLE_LOADER = "$(TEST_HOST)";
				CODE_SIGN_STYLE = Automatic;
				INFOPLIST_FILE = ONEPICTests/Info.plist;
				LD_RUNPATH_SEARCH_PATHS = (
					"$(inherited)",
					"@executable_path/Frameworks",
					"@loader_path/Frameworks",
				);
				PRODUCT_BUNDLE_IDENTIFIER = "com.mash-up.ONEPICTests";
				PRODUCT_NAME = "$(TARGET_NAME)";
				SWIFT_VERSION = 4.2;
				TARGETED_DEVICE_FAMILY = "1,2";
				TEST_HOST = "$(BUILT_PRODUCTS_DIR)/ONEPIC.app/ONEPIC";
			};
			name = Release;
		};
		CE34E32B21A96BCB004E6586 /* Debug */ = {
			isa = XCBuildConfiguration;
			baseConfigurationReference = 4FF043F947CCE5BEEF66705A /* Pods-ONEPICUITests.debug.xcconfig */;
			buildSettings = {
				ALWAYS_EMBED_SWIFT_STANDARD_LIBRARIES = YES;
				CODE_SIGN_STYLE = Automatic;
				INFOPLIST_FILE = ONEPICUITests/Info.plist;
				LD_RUNPATH_SEARCH_PATHS = (
					"$(inherited)",
					"@executable_path/Frameworks",
					"@loader_path/Frameworks",
				);
				PRODUCT_BUNDLE_IDENTIFIER = "com.mash-up.ONEPICUITests";
				PRODUCT_NAME = "$(TARGET_NAME)";
				SWIFT_VERSION = 4.2;
				TARGETED_DEVICE_FAMILY = "1,2";
				TEST_TARGET_NAME = ONEPIC;
			};
			name = Debug;
		};
		CE34E32C21A96BCB004E6586 /* Release */ = {
			isa = XCBuildConfiguration;
			baseConfigurationReference = 9AFD3484413045D9A91DA945 /* Pods-ONEPICUITests.release.xcconfig */;
			buildSettings = {
				ALWAYS_EMBED_SWIFT_STANDARD_LIBRARIES = YES;
				CODE_SIGN_STYLE = Automatic;
				INFOPLIST_FILE = ONEPICUITests/Info.plist;
				LD_RUNPATH_SEARCH_PATHS = (
					"$(inherited)",
					"@executable_path/Frameworks",
					"@loader_path/Frameworks",
				);
				PRODUCT_BUNDLE_IDENTIFIER = "com.mash-up.ONEPICUITests";
				PRODUCT_NAME = "$(TARGET_NAME)";
				SWIFT_VERSION = 4.2;
				TARGETED_DEVICE_FAMILY = "1,2";
				TEST_TARGET_NAME = ONEPIC;
			};
			name = Release;
		};
/* End XCBuildConfiguration section */

/* Begin XCConfigurationList section */
		CE34E2F721A96BC9004E6586 /* Build configuration list for PBXProject "ONEPIC" */ = {
			isa = XCConfigurationList;
			buildConfigurations = (
				CE34E32221A96BCB004E6586 /* Debug */,
				CE34E32321A96BCB004E6586 /* Release */,
			);
			defaultConfigurationIsVisible = 0;
			defaultConfigurationName = Release;
		};
		CE34E32421A96BCB004E6586 /* Build configuration list for PBXNativeTarget "ONEPIC" */ = {
			isa = XCConfigurationList;
			buildConfigurations = (
				CE34E32521A96BCB004E6586 /* Debug */,
				CE34E32621A96BCB004E6586 /* Release */,
			);
			defaultConfigurationIsVisible = 0;
			defaultConfigurationName = Release;
		};
		CE34E32721A96BCB004E6586 /* Build configuration list for PBXNativeTarget "ONEPICTests" */ = {
			isa = XCConfigurationList;
			buildConfigurations = (
				CE34E32821A96BCB004E6586 /* Debug */,
				CE34E32921A96BCB004E6586 /* Release */,
			);
			defaultConfigurationIsVisible = 0;
			defaultConfigurationName = Release;
		};
		CE34E32A21A96BCB004E6586 /* Build configuration list for PBXNativeTarget "ONEPICUITests" */ = {
			isa = XCConfigurationList;
			buildConfigurations = (
				CE34E32B21A96BCB004E6586 /* Debug */,
				CE34E32C21A96BCB004E6586 /* Release */,
			);
			defaultConfigurationIsVisible = 0;
			defaultConfigurationName = Release;
		};
/* End XCConfigurationList section */
	};
	rootObject = CE34E2F421A96BC9004E6586 /* Project object */;
}
